
Microsoft Visual Studio Solution File, Format Version 12.00
# Visual Studio Version 17
VisualStudioVersion = 17.4.33213.308
MinimumVisualStudioVersion = 10.0.40219.1
Project("{FAE04EC0-301F-11D3-BF4B-00C04F79EFBC}") = "Bloggie.Web", "Bloggie.Web\Bloggie.Web.csproj", "{DBF32560-328F-4B27-847E-174F7FA7B644}"
EndProject
Global
	GlobalSection(SolutionConfigurationPlatforms) = preSolution
		Debug|Any CPU = Debug|Any CPU
		Release|Any CPU = Release|Any CPU
	EndGlobalSection
	GlobalSection(ProjectConfigurationPlatforms) = postSolution
		{DBF32560-328F-4B27-847E-174F7FA7B644}.Debug|Any CPU.ActiveCfg = Debug|Any CPU
		{DBF32560-328F-4B27-847E-174F7FA7B644}.Debug|Any CPU.Build.0 = Debug|Any CPU
		{DBF32560-328F-4B27-847E-174F7FA7B644}.Release|Any CPU.ActiveCfg = Release|Any CPU
		{DBF32560-328F-4B27-847E-174F7FA7B644}.Release|Any CPU.Build.0 = Release|Any CPU
	EndGlobalSection
	GlobalSection(SolutionProperties) = preSolution
		HideSolutionNode = FALSE
	EndGlobalSection
	GlobalSection(ExtensibilityGlobals) = postSolution
		SolutionGuid = {62678387-B999-4A52-8295-B9AB2EAD0EA8}
	EndGlobalSection
EndGlobal
